
Microsoft Visual Studio Solution File, Format Version 12.00
# Visual Studio Version 16
VisualStudioVersion = 16.0.29613.14
MinimumVisualStudioVersion = 10.0.40219.1
Project("{FAE04EC0-301F-11D3-BF4B-00C04F79EFBC}") = "MathOperations", "MathOperations.csproj", "{CDD5917E-8DA5-4112-B84D-34A027AE3CFE}"
EndProject
Project("{FAE04EC0-301F-11D3-BF4B-00C04F79EFBC}") = "MathOperationsTests", "..\MathOperationsTests\MathOperationsTests.csproj", "{06876ACC-FBB0-4C4E-83FD-694F44F5AD26}"
EndProject
Global
	GlobalSection(SolutionConfigurationPlatforms) = preSolution
		Debug|Any CPU = Debug|Any CPU
		Release|Any CPU = Release|Any CPU
	EndGlobalSection
	GlobalSection(ProjectConfigurationPlatforms) = postSolution
		{CDD5917E-8DA5-4112-B84D-34A027AE3CFE}.Debug|Any CPU.ActiveCfg = Debug|Any CPU
		{CDD5917E-8DA5-4112-B84D-34A027AE3CFE}.Debug|Any CPU.Build.0 = Debug|Any CPU
		{CDD5917E-8DA5-4112-B84D-34A027AE3CFE}.Release|Any CPU.ActiveCfg = Release|Any CPU
		{CDD5917E-8DA5-4112-B84D-34A027AE3CFE}.Release|Any CPU.Build.0 = Release|Any CPU
		{06876ACC-FBB0-4C4E-83FD-694F44F5AD26}.Debug|Any CPU.ActiveCfg = Debug|Any CPU
		{06876ACC-FBB0-4C4E-83FD-694F44F5AD26}.Debug|Any CPU.Build.0 = Debug|Any CPU
		{06876ACC-FBB0-4C4E-83FD-694F44F5AD26}.Release|Any CPU.ActiveCfg = Release|Any CPU
		{06876ACC-FBB0-4C4E-83FD-694F44F5AD26}.Release|Any CPU.Build.0 = Release|Any CPU
	EndGlobalSection
	GlobalSection(SolutionProperties) = preSolution
		HideSolutionNode = FALSE
	EndGlobalSection
	GlobalSection(ExtensibilityGlobals) = postSolution
		SolutionGuid = {EB96428F-0A59-4A76-B0E5-3F83456126CB}
	EndGlobalSection
EndGlobal
